// !$*UTF8*$!
{
	archiveVersion = 1;
	classes = {
	};
	objectVersion = 52;
	objects = {

/* Begin PBXBuildFile section */
		45C71A4723FC358C00435669 /* Lottie in Frameworks */ = {isa = PBXBuildFile; productRef = 45C71A4623FC358C00435669 /* Lottie */; };
		45C71A4E23FC3B3100435669 /* badge.json in Resources */ = {isa = PBXBuildFile; fileRef = 45C71A4D23FC3B3100435669 /* badge.json */; };
		45C71A5123FC3C7B00435669 /* UserProfileCVCell.swift in Sources */ = {isa = PBXBuildFile; fileRef = 45C71A5023FC3C7B00435669 /* UserProfileCVCell.swift */; };
		45C71A5323FC449E00435669 /* cross.json in Resources */ = {isa = PBXBuildFile; fileRef = 45C71A5223FC449E00435669 /* cross.json */; };
		45C71A5523FC459400435669 /* loading.json in Resources */ = {isa = PBXBuildFile; fileRef = 45C71A5423FC459400435669 /* loading.json */; };
		45C71A5823FC4C4000435669 /* AnimaView.swift in Sources */ = {isa = PBXBuildFile; fileRef = 45C71A5723FC4C4000435669 /* AnimaView.swift */; };
		45C71A5D23FCBF4100435669 /* MainVc.swift in Sources */ = {isa = PBXBuildFile; fileRef = 45C71A5C23FCBF4100435669 /* MainVc.swift */; };
		45C71A5F23FCC74000435669 /* MainCoordinator.swift in Sources */ = {isa = PBXBuildFile; fileRef = 45C71A5E23FCC74000435669 /* MainCoordinator.swift */; };
		45C71A6223FCC99B00435669 /* MainViewModel.swift in Sources */ = {isa = PBXBuildFile; fileRef = 45C71A6123FCC99B00435669 /* MainViewModel.swift */; };
		45C71A6523FCD02000435669 /* PageVc.swift in Sources */ = {isa = PBXBuildFile; fileRef = 45C71A6423FCD02000435669 /* PageVc.swift */; };
		45C71A6723FCEBE400435669 /* PageViewModel.swift in Sources */ = {isa = PBXBuildFile; fileRef = 45C71A6623FCEBE400435669 /* PageViewModel.swift */; };
		45C71A6A23FD2AB400435669 /* UserProfileModel.swift in Sources */ = {isa = PBXBuildFile; fileRef = 45C71A6923FD2AB400435669 /* UserProfileModel.swift */; };
		45C71A6C23FD2F6600435669 /* UserProfileViewModel.swift in Sources */ = {isa = PBXBuildFile; fileRef = 45C71A6B23FD2F6600435669 /* UserProfileViewModel.swift */; };
		45C71A6E23FD338D00435669 /* avatar.json in Resources */ = {isa = PBXBuildFile; fileRef = 45C71A6D23FD338D00435669 /* avatar.json */; };
		45C94C6723FC2585004B0AD6 /* AppDelegate.swift in Sources */ = {isa = PBXBuildFile; fileRef = 45C94C6623FC2585004B0AD6 /* AppDelegate.swift */; };
		45C94C6E23FC2587004B0AD6 /* Assets.xcassets in Resources */ = {isa = PBXBuildFile; fileRef = 45C94C6D23FC2587004B0AD6 /* Assets.xcassets */; };
		45C94C7123FC2587004B0AD6 /* LaunchScreen.storyboard in Resources */ = {isa = PBXBuildFile; fileRef = 45C94C6F23FC2587004B0AD6 /* LaunchScreen.storyboard */; };
		45C94C7C23FC2587004B0AD6 /* GitHubMemberListTestTests.swift in Sources */ = {isa = PBXBuildFile; fileRef = 45C94C7B23FC2587004B0AD6 /* GitHubMemberListTestTests.swift */; };
/* End PBXBuildFile section */

/* Begin PBXContainerItemProxy section */
		45C94C7823FC2587004B0AD6 /* PBXContainerItemProxy */ = {
			isa = PBXContainerItemProxy;
			containerPortal = 45C94C5B23FC2585004B0AD6 /* Project object */;
			proxyType = 1;
			remoteGlobalIDString = 45C94C6223FC2585004B0AD6;
			remoteInfo = GitHubMemberListTest;
		};
/* End PBXContainerItemProxy section */

/* Begin PBXFileReference section */
		45C71A4D23FC3B3100435669 /* badge.json */ = {isa = PBXFileReference; fileEncoding = 4; lastKnownFileType = text.json; path = badge.json; sourceTree = "<group>"; };
		45C71A5023FC3C7B00435669 /* UserProfileCVCell.swift */ = {isa = PBXFileReference; lastKnownFileType = sourcecode.swift; path = UserProfileCVCell.swift; sourceTree = "<group>"; };
		45C71A5223FC449E00435669 /* cross.json */ = {isa = PBXFileReference; fileEncoding = 4; lastKnownFileType = text.json; path = cross.json; sourceTree = "<group>"; };
		45C71A5423FC459400435669 /* loading.json */ = {isa = PBXFileReference; fileEncoding = 4; lastKnownFileType = text.json; path = loading.json; sourceTree = "<group>"; };
		45C71A5723FC4C4000435669 /* AnimaView.swift */ = {isa = PBXFileReference; lastKnownFileType = sourcecode.swift; path = AnimaView.swift; sourceTree = "<group>"; };
		45C71A5C23FCBF4100435669 /* MainVc.swift */ = {isa = PBXFileReference; lastKnownFileType = sourcecode.swift; path = MainVc.swift; sourceTree = "<group>"; };
		45C71A5E23FCC74000435669 /* MainCoordinator.swift */ = {isa = PBXFileReference; lastKnownFileType = sourcecode.swift; path = MainCoordinator.swift; sourceTree = "<group>"; };
		45C71A6123FCC99B00435669 /* MainViewModel.swift */ = {isa = PBXFileReference; lastKnownFileType = sourcecode.swift; path = MainViewModel.swift; sourceTree = "<group>"; };
		45C71A6423FCD02000435669 /* PageVc.swift */ = {isa = PBXFileReference; lastKnownFileType = sourcecode.swift; path = PageVc.swift; sourceTree = "<group>"; };
		45C71A6623FCEBE400435669 /* PageViewModel.swift */ = {isa = PBXFileReference; lastKnownFileType = sourcecode.swift; path = PageViewModel.swift; sourceTree = "<group>"; };
		45C71A6923FD2AB400435669 /* UserProfileModel.swift */ = {isa = PBXFileReference; lastKnownFileType = sourcecode.swift; path = UserProfileModel.swift; sourceTree = "<group>"; };
		45C71A6B23FD2F6600435669 /* UserProfileViewModel.swift */ = {isa = PBXFileReference; lastKnownFileType = sourcecode.swift; path = UserProfileViewModel.swift; sourceTree = "<group>"; };
		45C71A6D23FD338D00435669 /* avatar.json */ = {isa = PBXFileReference; fileEncoding = 4; lastKnownFileType = text.json; path = avatar.json; sourceTree = "<group>"; };
		45C94C6323FC2585004B0AD6 /* GitHubMemberListTest.app */ = {isa = PBXFileReference; explicitFileType = wrapper.application; includeInIndex = 0; path = GitHubMemberListTest.app; sourceTree = BUILT_PRODUCTS_DIR; };
		45C94C6623FC2585004B0AD6 /* AppDelegate.swift */ = {isa = PBXFileReference; lastKnownFileType = sourcecode.swift; path = AppDelegate.swift; sourceTree = "<group>"; };
		45C94C6D23FC2587004B0AD6 /* Assets.xcassets */ = {isa = PBXFileReference; lastKnownFileType = folder.assetcatalog; path = Assets.xcassets; sourceTree = "<group>"; };
		45C94C7023FC2587004B0AD6 /* Base */ = {isa = PBXFileReference; lastKnownFileType = file.storyboard; name = Base; path = Base.lproj/LaunchScreen.storyboard; sourceTree = "<group>"; };
		45C94C7223FC2587004B0AD6 /* Info.plist */ = {isa = PBXFileReference; lastKnownFileType = text.plist.xml; path = Info.plist; sourceTree = "<group>"; };
		45C94C7723FC2587004B0AD6 /* GitHubMemberListTestTests.xctest */ = {isa = PBXFileReference; explicitFileType = wrapper.cfbundle; includeInIndex = 0; path = GitHubMemberListTestTests.xctest; sourceTree = BUILT_PRODUCTS_DIR; };
		45C94C7B23FC2587004B0AD6 /* GitHubMemberListTestTests.swift */ = {isa = PBXFileReference; lastKnownFileType = sourcecode.swift; path = GitHubMemberListTestTests.swift; sourceTree = "<group>"; };
		45C94C7D23FC2587004B0AD6 /* Info.plist */ = {isa = PBXFileReference; lastKnownFileType = text.plist.xml; path = Info.plist; sourceTree = "<group>"; };
/* End PBXFileReference section */

/* Begin PBXFrameworksBuildPhase section */
		45C94C6023FC2585004B0AD6 /* Frameworks */ = {
			isa = PBXFrameworksBuildPhase;
			buildActionMask = 2147483647;
			files = (
				45C71A4723FC358C00435669 /* Lottie in Frameworks */,
			);
			runOnlyForDeploymentPostprocessing = 0;
		};
		45C94C7423FC2587004B0AD6 /* Frameworks */ = {
			isa = PBXFrameworksBuildPhase;
			buildActionMask = 2147483647;
			files = (
			);
			runOnlyForDeploymentPostprocessing = 0;
		};
/* End PBXFrameworksBuildPhase section */

/* Begin PBXGroup section */
		45C71A4823FC391C00435669 /* View */ = {
			isa = PBXGroup;
			children = (
				45C71A5A23FCBEFA00435669 /* Vc */,
				45C71A5623FC4C0000435669 /* Component */,
				45C71A4B23FC39E300435669 /* Assets */,
				45C71A4923FC393600435669 /* Cell */,
			);
			path = View;
			sourceTree = "<group>";
		};
		45C71A4923FC393600435669 /* Cell */ = {
			isa = PBXGroup;
			children = (
				45C71A4A23FC394300435669 /* CollectionViewCell */,
			);
			path = Cell;
			sourceTree = "<group>";
		};
		45C71A4A23FC394300435669 /* CollectionViewCell */ = {
			isa = PBXGroup;
			children = (
				45C71A4F23FC3B7C00435669 /* UserProfileCVCell */,
			);
			path = CollectionViewCell;
			sourceTree = "<group>";
		};
		45C71A4B23FC39E300435669 /* Assets */ = {
			isa = PBXGroup;
			children = (
				45C71A4C23FC39F000435669 /* LottieAnimation */,
			);
			path = Assets;
			sourceTree = "<group>";
		};
		45C71A4C23FC39F000435669 /* LottieAnimation */ = {
			isa = PBXGroup;
			children = (
				45C71A6D23FD338D00435669 /* avatar.json */,
				45C71A5423FC459400435669 /* loading.json */,
				45C71A5223FC449E00435669 /* cross.json */,
				45C71A4D23FC3B3100435669 /* badge.json */,
			);
			path = LottieAnimation;
			sourceTree = "<group>";
		};
		45C71A4F23FC3B7C00435669 /* UserProfileCVCell */ = {
			isa = PBXGroup;
			children = (
				45C71A5023FC3C7B00435669 /* UserProfileCVCell.swift */,
			);
			path = UserProfileCVCell;
			sourceTree = "<group>";
		};
		45C71A5623FC4C0000435669 /* Component */ = {
			isa = PBXGroup;
			children = (
				45C71A5723FC4C4000435669 /* AnimaView.swift */,
			);
			path = Component;
			sourceTree = "<group>";
		};
		45C71A5923FCBECF00435669 /* Coordinator */ = {
			isa = PBXGroup;
			children = (
				45C71A5E23FCC74000435669 /* MainCoordinator.swift */,
				45C71A6023FCC97E00435669 /* ViewModel */,
			);
			path = Coordinator;
			sourceTree = "<group>";
		};
		45C71A5A23FCBEFA00435669 /* Vc */ = {
			isa = PBXGroup;
			children = (
				45C71A6323FCD00200435669 /* PageVc */,
				45C71A5B23FCBF0500435669 /* MainVc */,
			);
			path = Vc;
			sourceTree = "<group>";
		};
		45C71A5B23FCBF0500435669 /* MainVc */ = {
			isa = PBXGroup;
			children = (
				45C71A5C23FCBF4100435669 /* MainVc.swift */,
			);
			path = MainVc;
			sourceTree = "<group>";
		};
		45C71A6023FCC97E00435669 /* ViewModel */ = {
			isa = PBXGroup;
			children = (
				45C71A6123FCC99B00435669 /* MainViewModel.swift */,
				45C71A6623FCEBE400435669 /* PageViewModel.swift */,
				45C71A6B23FD2F6600435669 /* UserProfileViewModel.swift */,
			);
			path = ViewModel;
			sourceTree = "<group>";
		};
		45C71A6323FCD00200435669 /* PageVc */ = {
			isa = PBXGroup;
			children = (
				45C71A6423FCD02000435669 /* PageVc.swift */,
			);
			path = PageVc;
			sourceTree = "<group>";
		};
		45C71A6823FD2A9400435669 /* Model */ = {
			isa = PBXGroup;
			children = (
				45C71A6923FD2AB400435669 /* UserProfileModel.swift */,
			);
			path = Model;
			sourceTree = "<group>";
		};
		45C94C5A23FC2585004B0AD6 = {
			isa = PBXGroup;
			children = (
				45C94C6523FC2585004B0AD6 /* GitHubMemberListTest */,
				45C94C7A23FC2587004B0AD6 /* GitHubMemberListTestTests */,
				45C94C6423FC2585004B0AD6 /* Products */,
			);
			sourceTree = "<group>";
		};
		45C94C6423FC2585004B0AD6 /* Products */ = {
			isa = PBXGroup;
			children = (
				45C94C6323FC2585004B0AD6 /* GitHubMemberListTest.app */,
				45C94C7723FC2587004B0AD6 /* GitHubMemberListTestTests.xctest */,
			);
			name = Products;
			sourceTree = "<group>";
		};
		45C94C6523FC2585004B0AD6 /* GitHubMemberListTest */ = {
			isa = PBXGroup;
			children = (
				45C71A6823FD2A9400435669 /* Model */,
				45C71A5923FCBECF00435669 /* Coordinator */,
				45C71A4823FC391C00435669 /* View */,
				45C94C6623FC2585004B0AD6 /* AppDelegate.swift */,
				45C94C6D23FC2587004B0AD6 /* Assets.xcassets */,
				45C94C6F23FC2587004B0AD6 /* LaunchScreen.storyboard */,
				45C94C7223FC2587004B0AD6 /* Info.plist */,
			);
			path = GitHubMemberListTest;
			sourceTree = "<group>";
		};
		45C94C7A23FC2587004B0AD6 /* GitHubMemberListTestTests */ = {
			isa = PBXGroup;
			children = (
				45C94C7B23FC2587004B0AD6 /* GitHubMemberListTestTests.swift */,
				45C94C7D23FC2587004B0AD6 /* Info.plist */,
			);
			path = GitHubMemberListTestTests;
			sourceTree = "<group>";
		};
/* End PBXGroup section */

/* Begin PBXNativeTarget section */
		45C94C6223FC2585004B0AD6 /* GitHubMemberListTest */ = {
			isa = PBXNativeTarget;
			buildConfigurationList = 45C94C8023FC2587004B0AD6 /* Build configuration list for PBXNativeTarget "GitHubMemberListTest" */;
			buildPhases = (
				45C94C5F23FC2585004B0AD6 /* Sources */,
				45C94C6023FC2585004B0AD6 /* Frameworks */,
				45C94C6123FC2585004B0AD6 /* Resources */,
			);
			buildRules = (
			);
			dependencies = (
			);
			name = GitHubMemberListTest;
			packageProductDependencies = (
				45C71A4623FC358C00435669 /* Lottie */,
			);
			productName = GitHubMemberListTest;
			productReference = 45C94C6323FC2585004B0AD6 /* GitHubMemberListTest.app */;
			productType = "com.apple.product-type.application";
		};
		45C94C7623FC2587004B0AD6 /* GitHubMemberListTestTests */ = {
			isa = PBXNativeTarget;
			buildConfigurationList = 45C94C8323FC2587004B0AD6 /* Build configuration list for PBXNativeTarget "GitHubMemberListTestTests" */;
			buildPhases = (
				45C94C7323FC2587004B0AD6 /* Sources */,
				45C94C7423FC2587004B0AD6 /* Frameworks */,
				45C94C7523FC2587004B0AD6 /* Resources */,
			);
			buildRules = (
			);
			dependencies = (
				45C94C7923FC2587004B0AD6 /* PBXTargetDependency */,
			);
			name = GitHubMemberListTestTests;
			productName = GitHubMemberListTestTests;
			productReference = 45C94C7723FC2587004B0AD6 /* GitHubMemberListTestTests.xctest */;
			productType = "com.apple.product-type.bundle.unit-test";
		};
/* End PBXNativeTarget section */

/* Begin PBXProject section */
		45C94C5B23FC2585004B0AD6 /* Project object */ = {
			isa = PBXProject;
			attributes = {
				LastSwiftUpdateCheck = 1030;
				LastUpgradeCheck = 1030;
				ORGANIZATIONNAME = "五加一";
				TargetAttributes = {
					45C94C6223FC2585004B0AD6 = {
						CreatedOnToolsVersion = 10.3;
					};
					45C94C7623FC2587004B0AD6 = {
						CreatedOnToolsVersion = 10.3;
						TestTargetID = 45C94C6223FC2585004B0AD6;
					};
				};
			};
			buildConfigurationList = 45C94C5E23FC2585004B0AD6 /* Build configuration list for PBXProject "GitHubMemberListTest" */;
			compatibilityVersion = "Xcode 9.3";
			developmentRegion = en;
			hasScannedForEncodings = 0;
			knownRegions = (
				en,
				Base,
			);
			mainGroup = 45C94C5A23FC2585004B0AD6;
			packageReferences = (
				45C71A4523FC358C00435669 /* XCRemoteSwiftPackageReference "lottie-ios" */,
			);
			productRefGroup = 45C94C6423FC2585004B0AD6 /* Products */;
			projectDirPath = "";
			projectRoot = "";
			targets = (
				45C94C6223FC2585004B0AD6 /* GitHubMemberListTest */,
				45C94C7623FC2587004B0AD6 /* GitHubMemberListTestTests */,
			);
		};
/* End PBXProject section */

/* Begin PBXResourcesBuildPhase section */
		45C94C6123FC2585004B0AD6 /* Resources */ = {
			isa = PBXResourcesBuildPhase;
			buildActionMask = 2147483647;
			files = (
				45C71A5323FC449E00435669 /* cross.json in Resources */,
				45C94C7123FC2587004B0AD6 /* LaunchScreen.storyboard in Resources */,
				45C71A5523FC459400435669 /* loading.json in Resources */,
				45C71A4E23FC3B3100435669 /* badge.json in Resources */,
				45C94C6E23FC2587004B0AD6 /* Assets.xcassets in Resources */,
				45C71A6E23FD338D00435669 /* avatar.json in Resources */,
			);
			runOnlyForDeploymentPostprocessing = 0;
		};
		45C94C7523FC2587004B0AD6 /* Resources */ = {
			isa = PBXResourcesBuildPhase;
			buildActionMask = 2147483647;
			files = (
			);
			runOnlyForDeploymentPostprocessing = 0;
		};
/* End PBXResourcesBuildPhase section */

/* Begin PBXSourcesBuildPhase section */
		45C94C5F23FC2585004B0AD6 /* Sources */ = {
			isa = PBXSourcesBuildPhase;
			buildActionMask = 2147483647;
			files = (
				45C71A6223FCC99B00435669 /* MainViewModel.swift in Sources */,
				45C71A5F23FCC74000435669 /* MainCoordinator.swift in Sources */,
				45C71A5D23FCBF4100435669 /* MainVc.swift in Sources */,
				45C71A6A23FD2AB400435669 /* UserProfileModel.swift in Sources */,
				45C71A6C23FD2F6600435669 /* UserProfileViewModel.swift in Sources */,
				45C71A5123FC3C7B00435669 /* UserProfileCVCell.swift in Sources */,
				45C71A6523FCD02000435669 /* PageVc.swift in Sources */,
				45C94C6723FC2585004B0AD6 /* AppDelegate.swift in Sources */,
				45C71A6723FCEBE400435669 /* PageViewModel.swift in Sources */,
				45C71A5823FC4C4000435669 /* AnimaView.swift in Sources */,
			);
			runOnlyForDeploymentPostprocessing = 0;
		};
		45C94C7323FC2587004B0AD6 /* Sources */ = {
			isa = PBXSourcesBuildPhase;
			buildActionMask = 2147483647;
			files = (
				45C94C7C23FC2587004B0AD6 /* GitHubMemberListTestTests.swift in Sources */,
			);
			runOnlyForDeploymentPostprocessing = 0;
		};
/* End PBXSourcesBuildPhase section */

/* Begin PBXTargetDependency section */
		45C94C7923FC2587004B0AD6 /* PBXTargetDependency */ = {
			isa = PBXTargetDependency;
			target = 45C94C6223FC2585004B0AD6 /* GitHubMemberListTest */;
			targetProxy = 45C94C7823FC2587004B0AD6 /* PBXContainerItemProxy */;
		};
/* End PBXTargetDependency section */

/* Begin PBXVariantGroup section */
		45C94C6F23FC2587004B0AD6 /* LaunchScreen.storyboard */ = {
			isa = PBXVariantGroup;
			children = (
				45C94C7023FC2587004B0AD6 /* Base */,
			);
			name = LaunchScreen.storyboard;
			sourceTree = "<group>";
		};
/* End PBXVariantGroup section */

/* Begin XCBuildConfiguration section */
		45C94C7E23FC2587004B0AD6 /* Debug */ = {
			isa = XCBuildConfiguration;
			buildSettings = {
				ALWAYS_SEARCH_USER_PATHS = NO;
				CLANG_ANALYZER_NONNULL = YES;
				CLANG_ANALYZER_NUMBER_OBJECT_CONVERSION = YES_AGGRESSIVE;
				CLANG_CXX_LANGUAGE_STANDARD = "gnu++14";
				CLANG_CXX_LIBRARY = "libc++";
				CLANG_ENABLE_MODULES = YES;
				CLANG_ENABLE_OBJC_ARC = YES;
				CLANG_ENABLE_OBJC_WEAK = YES;
				CLANG_WARN_BLOCK_CAPTURE_AUTORELEASING = YES;
				CLANG_WARN_BOOL_CONVERSION = YES;
				CLANG_WARN_COMMA = YES;
				CLANG_WARN_CONSTANT_CONVERSION = YES;
				CLANG_WARN_DEPRECATED_OBJC_IMPLEMENTATIONS = YES;
				CLANG_WARN_DIRECT_OBJC_ISA_USAGE = YES_ERROR;
				CLANG_WARN_DOCUMENTATION_COMMENTS = YES;
				CLANG_WARN_EMPTY_BODY = YES;
				CLANG_WARN_ENUM_CONVERSION = YES;
				CLANG_WARN_INFINITE_RECURSION = YES;
				CLANG_WARN_INT_CONVERSION = YES;
				CLANG_WARN_NON_LITERAL_NULL_CONVERSION = YES;
				CLANG_WARN_OBJC_IMPLICIT_RETAIN_SELF = YES;
				CLANG_WARN_OBJC_LITERAL_CONVERSION = YES;
				CLANG_WARN_OBJC_ROOT_CLASS = YES_ERROR;
				CLANG_WARN_RANGE_LOOP_ANALYSIS = YES;
				CLANG_WARN_STRICT_PROTOTYPES = YES;
				CLANG_WARN_SUSPICIOUS_MOVE = YES;
				CLANG_WARN_UNGUARDED_AVAILABILITY = YES_AGGRESSIVE;
				CLANG_WARN_UNREACHABLE_CODE = YES;
				CLANG_WARN__DUPLICATE_METHOD_MATCH = YES;
				CODE_SIGN_IDENTITY = "iPhone Developer";
				COPY_PHASE_STRIP = NO;
				DEBUG_INFORMATION_FORMAT = dwarf;
				ENABLE_STRICT_OBJC_MSGSEND = YES;
				ENABLE_TESTABILITY = YES;
				GCC_C_LANGUAGE_STANDARD = gnu11;
				GCC_DYNAMIC_NO_PIC = NO;
				GCC_NO_COMMON_BLOCKS = YES;
				GCC_OPTIMIZATION_LEVEL = 0;
				GCC_PREPROCESSOR_DEFINITIONS = (
					"DEBUG=1",
					"$(inherited)",
				);
				GCC_WARN_64_TO_32_BIT_CONVERSION = YES;
				GCC_WARN_ABOUT_RETURN_TYPE = YES_ERROR;
				GCC_WARN_UNDECLARED_SELECTOR = YES;
				GCC_WARN_UNINITIALIZED_AUTOS = YES_AGGRESSIVE;
				GCC_WARN_UNUSED_FUNCTION = YES;
				GCC_WARN_UNUSED_VARIABLE = YES;
				IPHONEOS_DEPLOYMENT_TARGET = 12.2;
				MTL_ENABLE_DEBUG_INFO = INCLUDE_SOURCE;
				MTL_FAST_MATH = YES;
				ONLY_ACTIVE_ARCH = YES;
				SDKROOT = iphoneos;
				SWIFT_ACTIVE_COMPILATION_CONDITIONS = DEBUG;
				SWIFT_OPTIMIZATION_LEVEL = "-Onone";
			};
			name = Debug;
		};
		45C94C7F23FC2587004B0AD6 /* Release */ = {
			isa = XCBuildConfiguration;
			buildSettings = {
				ALWAYS_SEARCH_USER_PATHS = NO;
				CLANG_ANALYZER_NONNULL = YES;
				CLANG_ANALYZER_NUMBER_OBJECT_CONVERSION = YES_AGGRESSIVE;
				CLANG_CXX_LANGUAGE_STANDARD = "gnu++14";
				CLANG_CXX_LIBRARY = "libc++";
				CLANG_ENABLE_MODULES = YES;
				CLANG_ENABLE_OBJC_ARC = YES;
				CLANG_ENABLE_OBJC_WEAK = YES;
				CLANG_WARN_BLOCK_CAPTURE_AUTORELEASING = YES;
				CLANG_WARN_BOOL_CONVERSION = YES;
				CLANG_WARN_COMMA = YES;
				CLANG_WARN_CONSTANT_CONVERSION = YES;
				CLANG_WARN_DEPRECATED_OBJC_IMPLEMENTATIONS = YES;
				CLANG_WARN_DIRECT_OBJC_ISA_USAGE = YES_ERROR;
				CLANG_WARN_DOCUMENTATION_COMMENTS = YES;
				CLANG_WARN_EMPTY_BODY = YES;
				CLANG_WARN_ENUM_CONVERSION = YES;
				CLANG_WARN_INFINITE_RECURSION = YES;
				CLANG_WARN_INT_CONVERSION = YES;
				CLANG_WARN_NON_LITERAL_NULL_CONVERSION = YES;
				CLANG_WARN_OBJC_IMPLICIT_RETAIN_SELF = YES;
				CLANG_WARN_OBJC_LITERAL_CONVERSION = YES;
				CLANG_WARN_OBJC_ROOT_CLASS = YES_ERROR;
				CLANG_WARN_RANGE_LOOP_ANALYSIS = YES;
				CLANG_WARN_STRICT_PROTOTYPES = YES;
				CLANG_WARN_SUSPICIOUS_MOVE = YES;
				CLANG_WARN_UNGUARDED_AVAILABILITY = YES_AGGRESSIVE;
				CLANG_WARN_UNREACHABLE_CODE = YES;
				CLANG_WARN__DUPLICATE_METHOD_MATCH = YES;
				CODE_SIGN_IDENTITY = "iPhone Developer";
				COPY_PHASE_STRIP = NO;
				DEBUG_INFORMATION_FORMAT = "dwarf-with-dsym";
				ENABLE_NS_ASSERTIONS = NO;
				ENABLE_STRICT_OBJC_MSGSEND = YES;
				GCC_C_LANGUAGE_STANDARD = gnu11;
				GCC_NO_COMMON_BLOCKS = YES;
				GCC_WARN_64_TO_32_BIT_CONVERSION = YES;
				GCC_WARN_ABOUT_RETURN_TYPE = YES_ERROR;
				GCC_WARN_UNDECLARED_SELECTOR = YES;
				GCC_WARN_UNINITIALIZED_AUTOS = YES_AGGRESSIVE;
				GCC_WARN_UNUSED_FUNCTION = YES;
				GCC_WARN_UNUSED_VARIABLE = YES;
				IPHONEOS_DEPLOYMENT_TARGET = 12.2;
				MTL_ENABLE_DEBUG_INFO = NO;
				MTL_FAST_MATH = YES;
				SDKROOT = iphoneos;
				SWIFT_COMPILATION_MODE = wholemodule;
				SWIFT_OPTIMIZATION_LEVEL = "-O";
				VALIDATE_PRODUCT = YES;
			};
			name = Release;
		};
		45C94C8123FC2587004B0AD6 /* Debug */ = {
			isa = XCBuildConfiguration;
			buildSettings = {
				ASSETCATALOG_COMPILER_APPICON_NAME = AppIcon;
				CODE_SIGN_STYLE = Automatic;
				DEVELOPMENT_TEAM = J46ZPGV247;
				INFOPLIST_FILE = GitHubMemberListTest/Info.plist;
				LD_RUNPATH_SEARCH_PATHS = (
					"$(inherited)",
					"@executable_path/Frameworks",
				);
				PRODUCT_BUNDLE_IDENTIFIER = com.MasqurinHu.GitHubMemberListTest;
				PRODUCT_NAME = "$(TARGET_NAME)";
				SWIFT_VERSION = 5.0;
				TARGETED_DEVICE_FAMILY = "1,2";
			};
			name = Debug;
		};
		45C94C8223FC2587004B0AD6 /* Release */ = {
			isa = XCBuildConfiguration;
			buildSettings = {
				ASSETCATALOG_COMPILER_APPICON_NAME = AppIcon;
				CODE_SIGN_STYLE = Automatic;
				DEVELOPMENT_TEAM = J46ZPGV247;
				INFOPLIST_FILE = GitHubMemberListTest/Info.plist;
				LD_RUNPATH_SEARCH_PATHS = (
					"$(inherited)",
					"@executable_path/Frameworks",
				);
				PRODUCT_BUNDLE_IDENTIFIER = com.MasqurinHu.GitHubMemberListTest;
				PRODUCT_NAME = "$(TARGET_NAME)";
				SWIFT_VERSION = 5.0;
				TARGETED_DEVICE_FAMILY = "1,2";
			};
			name = Release;
		};
		45C94C8423FC2587004B0AD6 /* Debug */ = {
			isa = XCBuildConfiguration;
			buildSettings = {
				ALWAYS_EMBED_SWIFT_STANDARD_LIBRARIES = YES;
				BUNDLE_LOADER = "$(TEST_HOST)";
				CODE_SIGN_STYLE = Automatic;
				DEVELOPMENT_TEAM = J46ZPGV247;
				INFOPLIST_FILE = GitHubMemberListTestTests/Info.plist;
				LD_RUNPATH_SEARCH_PATHS = (
					"$(inherited)",
					"@executable_path/Frameworks",
					"@loader_path/Frameworks",
				);
				PRODUCT_BUNDLE_IDENTIFIER = com.MasqurinHu.GitHubMemberListTestTests;
				PRODUCT_NAME = "$(TARGET_NAME)";
				SWIFT_VERSION = 5.0;
				TARGETED_DEVICE_FAMILY = "1,2";
				TEST_HOST = "$(BUILT_PRODUCTS_DIR)/GitHubMemberListTest.app/GitHubMemberListTest";
			};
			name = Debug;
		};
		45C94C8523FC2587004B0AD6 /* Release */ = {
			isa = XCBuildConfiguration;
			buildSettings = {
				ALWAYS_EMBED_SWIFT_STANDARD_LIBRARIES = YES;
				BUNDLE_LOADER = "$(TEST_HOST)";
				CODE_SIGN_STYLE = Automatic;
				DEVELOPMENT_TEAM = J46ZPGV247;
				INFOPLIST_FILE = GitHubMemberListTestTests/Info.plist;
				LD_RUNPATH_SEARCH_PATHS = (
					"$(inherited)",
					"@executable_path/Frameworks",
					"@loader_path/Frameworks",
				);
				PRODUCT_BUNDLE_IDENTIFIER = com.MasqurinHu.GitHubMemberListTestTests;
				PRODUCT_NAME = "$(TARGET_NAME)";
				SWIFT_VERSION = 5.0;
				TARGETED_DEVICE_FAMILY = "1,2";
				TEST_HOST = "$(BUILT_PRODUCTS_DIR)/GitHubMemberListTest.app/GitHubMemberListTest";
			};
			name = Release;
		};
/* End XCBuildConfiguration section */

/* Begin XCConfigurationList section */
		45C94C5E23FC2585004B0AD6 /* Build configuration list for PBXProject "GitHubMemberListTest" */ = {
			isa = XCConfigurationList;
			buildConfigurations = (
				45C94C7E23FC2587004B0AD6 /* Debug */,
				45C94C7F23FC2587004B0AD6 /* Release */,
			);
			defaultConfigurationIsVisible = 0;
			defaultConfigurationName = Release;
		};
		45C94C8023FC2587004B0AD6 /* Build configuration list for PBXNativeTarget "GitHubMemberListTest" */ = {
			isa = XCConfigurationList;
			buildConfigurations = (
				45C94C8123FC2587004B0AD6 /* Debug */,
				45C94C8223FC2587004B0AD6 /* Release */,
			);
			defaultConfigurationIsVisible = 0;
			defaultConfigurationName = Release;
		};
		45C94C8323FC2587004B0AD6 /* Build configuration list for PBXNativeTarget "GitHubMemberListTestTests" */ = {
			isa = XCConfigurationList;
			buildConfigurations = (
				45C94C8423FC2587004B0AD6 /* Debug */,
				45C94C8523FC2587004B0AD6 /* Release */,
			);
			defaultConfigurationIsVisible = 0;
			defaultConfigurationName = Release;
		};
/* End XCConfigurationList section */

/* Begin XCRemoteSwiftPackageReference section */
		45C71A4523FC358C00435669 /* XCRemoteSwiftPackageReference "lottie-ios" */ = {
			isa = XCRemoteSwiftPackageReference;
			repositoryURL = "https://github.com/airbnb/lottie-ios";
			requirement = {
				kind = upToNextMajorVersion;
				minimumVersion = 3.1.6;
			};
		};
/* End XCRemoteSwiftPackageReference section */

/* Begin XCSwiftPackageProductDependency section */
		45C71A4623FC358C00435669 /* Lottie */ = {
			isa = XCSwiftPackageProductDependency;
			package = 45C71A4523FC358C00435669 /* XCRemoteSwiftPackageReference "lottie-ios" */;
			productName = Lottie;
		};
/* End XCSwiftPackageProductDependency section */
	};
	rootObject = 45C94C5B23FC2585004B0AD6 /* Project object */;
}
